
Microsoft Visual Studio Solution File, Format Version 12.00
# Visual Studio Version 17
VisualStudioVersion = 17.9.34728.123
MinimumVisualStudioVersion = 10.0.40219.1
Project("{FAE04EC0-301F-11D3-BF4B-00C04F79EFBC}") = "PetShop", "PetShop\PetShop.csproj", "{D43DCB68-63D7-4130-83D1-56C4AE84F11C}"
EndProject
Global
	GlobalSection(SolutionConfigurationPlatforms) = preSolution
		Debug|Any CPU = Debug|Any CPU
		Release|Any CPU = Release|Any CPU
	EndGlobalSection
	GlobalSection(ProjectConfigurationPlatforms) = postSolution
		{D43DCB68-63D7-4130-83D1-56C4AE84F11C}.Debug|Any CPU.ActiveCfg = Debug|Any CPU
		{D43DCB68-63D7-4130-83D1-56C4AE84F11C}.Debug|Any CPU.Build.0 = Debug|Any CPU
		{D43DCB68-63D7-4130-83D1-56C4AE84F11C}.Release|Any CPU.ActiveCfg = Release|Any CPU
		{D43DCB68-63D7-4130-83D1-56C4AE84F11C}.Release|Any CPU.Build.0 = Release|Any CPU
	EndGlobalSection
	GlobalSection(SolutionProperties) = preSolution
		HideSolutionNode = FALSE
	EndGlobalSection
	GlobalSection(ExtensibilityGlobals) = postSolution
		SolutionGuid = {2C27DE35-A56A-48CF-8346-1CBC6FD0487D}
	EndGlobalSection
EndGlobal
